
Microsoft Visual Studio Solution File, Format Version 12.00
# Visual Studio Version 17
VisualStudioVersion = 17.3.32922.545
MinimumVisualStudioVersion = 10.0.40219.1
Project("{8BC9CEB8-8B4A-11D0-8D11-00A0C91BC942}") = "WDP2", "WDP2\WDP2.vcxproj", "{EB254F44-3F82-4BD2-87D0-3C7D2371A36C}"
EndProject
Global
	GlobalSection(SolutionConfigurationPlatforms) = preSolution
		Debug|x64 = Debug|x64
		Debug|x86 = Debug|x86
		Release|x64 = Release|x64
		Release|x86 = Release|x86
	EndGlobalSection
	GlobalSection(ProjectConfigurationPlatforms) = postSolution
		{EB254F44-3F82-4BD2-87D0-3C7D2371A36C}.Debug|x64.ActiveCfg = Debug|x64
		{EB254F44-3F82-4BD2-87D0-3C7D2371A36C}.Debug|x64.Build.0 = Debug|x64
		{EB254F44-3F82-4BD2-87D0-3C7D2371A36C}.Debug|x86.ActiveCfg = Debug|Win32
		{EB254F44-3F82-4BD2-87D0-3C7D2371A36C}.Debug|x86.Build.0 = Debug|Win32
		{EB254F44-3F82-4BD2-87D0-3C7D2371A36C}.Release|x64.ActiveCfg = Release|x64
		{EB254F44-3F82-4BD2-87D0-3C7D2371A36C}.Release|x64.Build.0 = Release|x64
		{EB254F44-3F82-4BD2-87D0-3C7D2371A36C}.Release|x86.ActiveCfg = Release|Win32
		{EB254F44-3F82-4BD2-87D0-3C7D2371A36C}.Release|x86.Build.0 = Release|Win32
	EndGlobalSection
	GlobalSection(SolutionProperties) = preSolution
		HideSolutionNode = FALSE
	EndGlobalSection
	GlobalSection(ExtensibilityGlobals) = postSolution
		SolutionGuid = {95246591-4EE7-42F5-B0F8-648EFAD65C11}
	EndGlobalSection
EndGlobal
