
Microsoft Visual Studio Solution File, Format Version 12.00
# Visual Studio Version 17
VisualStudioVersion = 17.3.32922.545
MinimumVisualStudioVersion = 10.0.40219.1
Project("{8BC9CEB8-8B4A-11D0-8D11-00A0C91BC942}") = "Zad3", "Zad3\Zad3.vcxproj", "{43B94540-60D4-4E01-9AB8-F2F3EA2C6D6F}"
EndProject
Global
	GlobalSection(SolutionConfigurationPlatforms) = preSolution
		Debug|x64 = Debug|x64
		Debug|x86 = Debug|x86
		Release|x64 = Release|x64
		Release|x86 = Release|x86
	EndGlobalSection
	GlobalSection(ProjectConfigurationPlatforms) = postSolution
		{43B94540-60D4-4E01-9AB8-F2F3EA2C6D6F}.Debug|x64.ActiveCfg = Debug|x64
		{43B94540-60D4-4E01-9AB8-F2F3EA2C6D6F}.Debug|x64.Build.0 = Debug|x64
		{43B94540-60D4-4E01-9AB8-F2F3EA2C6D6F}.Debug|x86.ActiveCfg = Debug|Win32
		{43B94540-60D4-4E01-9AB8-F2F3EA2C6D6F}.Debug|x86.Build.0 = Debug|Win32
		{43B94540-60D4-4E01-9AB8-F2F3EA2C6D6F}.Release|x64.ActiveCfg = Release|x64
		{43B94540-60D4-4E01-9AB8-F2F3EA2C6D6F}.Release|x64.Build.0 = Release|x64
		{43B94540-60D4-4E01-9AB8-F2F3EA2C6D6F}.Release|x86.ActiveCfg = Release|Win32
		{43B94540-60D4-4E01-9AB8-F2F3EA2C6D6F}.Release|x86.Build.0 = Release|Win32
	EndGlobalSection
	GlobalSection(SolutionProperties) = preSolution
		HideSolutionNode = FALSE
	EndGlobalSection
	GlobalSection(ExtensibilityGlobals) = postSolution
		SolutionGuid = {57BE6009-DCB6-4303-8349-6D83507AF694}
	EndGlobalSection
EndGlobal
