
Microsoft Visual Studio Solution File, Format Version 12.00
# Visual Studio Version 17
VisualStudioVersion = 17.3.32922.545
MinimumVisualStudioVersion = 10.0.40219.1
Project("{8BC9CEB8-8B4A-11D0-8D11-00A0C91BC942}") = "WDP4", "WDP4\WDP4.vcxproj", "{E650BC5B-DC01-4B83-9149-1F39E711CC15}"
EndProject
Global
	GlobalSection(SolutionConfigurationPlatforms) = preSolution
		Debug|x64 = Debug|x64
		Debug|x86 = Debug|x86
		Release|x64 = Release|x64
		Release|x86 = Release|x86
	EndGlobalSection
	GlobalSection(ProjectConfigurationPlatforms) = postSolution
		{E650BC5B-DC01-4B83-9149-1F39E711CC15}.Debug|x64.ActiveCfg = Debug|x64
		{E650BC5B-DC01-4B83-9149-1F39E711CC15}.Debug|x64.Build.0 = Debug|x64
		{E650BC5B-DC01-4B83-9149-1F39E711CC15}.Debug|x86.ActiveCfg = Debug|Win32
		{E650BC5B-DC01-4B83-9149-1F39E711CC15}.Debug|x86.Build.0 = Debug|Win32
		{E650BC5B-DC01-4B83-9149-1F39E711CC15}.Release|x64.ActiveCfg = Release|x64
		{E650BC5B-DC01-4B83-9149-1F39E711CC15}.Release|x64.Build.0 = Release|x64
		{E650BC5B-DC01-4B83-9149-1F39E711CC15}.Release|x86.ActiveCfg = Release|Win32
		{E650BC5B-DC01-4B83-9149-1F39E711CC15}.Release|x86.Build.0 = Release|Win32
	EndGlobalSection
	GlobalSection(SolutionProperties) = preSolution
		HideSolutionNode = FALSE
	EndGlobalSection
	GlobalSection(ExtensibilityGlobals) = postSolution
		SolutionGuid = {25D59E12-9DC3-422D-9A0E-2563B71AA167}
	EndGlobalSection
EndGlobal
