
Microsoft Visual Studio Solution File, Format Version 12.00
# Visual Studio Version 17
VisualStudioVersion = 17.4.33122.133
MinimumVisualStudioVersion = 10.0.40219.1
Project("{8BC9CEB8-8B4A-11D0-8D11-00A0C91BC942}") = "zadanka 5.01.2023", "zadanka 5.01.2023.vcxproj", "{041CF05F-2436-484E-86F6-CFE34E904A82}"
EndProject
Global
	GlobalSection(SolutionConfigurationPlatforms) = preSolution
		Debug|x64 = Debug|x64
		Debug|x86 = Debug|x86
		Release|x64 = Release|x64
		Release|x86 = Release|x86
	EndGlobalSection
	GlobalSection(ProjectConfigurationPlatforms) = postSolution
		{041CF05F-2436-484E-86F6-CFE34E904A82}.Debug|x64.ActiveCfg = Debug|x64
		{041CF05F-2436-484E-86F6-CFE34E904A82}.Debug|x64.Build.0 = Debug|x64
		{041CF05F-2436-484E-86F6-CFE34E904A82}.Debug|x86.ActiveCfg = Debug|Win32
		{041CF05F-2436-484E-86F6-CFE34E904A82}.Debug|x86.Build.0 = Debug|Win32
		{041CF05F-2436-484E-86F6-CFE34E904A82}.Release|x64.ActiveCfg = Release|x64
		{041CF05F-2436-484E-86F6-CFE34E904A82}.Release|x64.Build.0 = Release|x64
		{041CF05F-2436-484E-86F6-CFE34E904A82}.Release|x86.ActiveCfg = Release|Win32
		{041CF05F-2436-484E-86F6-CFE34E904A82}.Release|x86.Build.0 = Release|Win32
	EndGlobalSection
	GlobalSection(SolutionProperties) = preSolution
		HideSolutionNode = FALSE
	EndGlobalSection
	GlobalSection(ExtensibilityGlobals) = postSolution
		SolutionGuid = {C53AD252-2BB2-442E-9330-EF4AB84AE67D}
	EndGlobalSection
EndGlobal
